# This file is automatically @generated by Cargo.
# It is not intended for manual editing.
[[package]]
name = "csv-read"
version = "0.1.0"
dependencies = [
 "linked-list",
]

[[package]]
name = "linked-list"
version = "0.0.3"
source = "registry+https://github.com/rust-lang/crates.io-index"
checksum = "a4dacf969043dc69f1f731b5042eb05e030d264bcf34f2242889fcbdc7a65f06"
